
Microsoft Visual Studio Solution File, Format Version 12.00
# Visual Studio Version 16
VisualStudioVersion = 16.0.31613.86
MinimumVisualStudioVersion = 10.0.40219.1
Project("{FAE04EC0-301F-11D3-BF4B-00C04F79EFBC}") = "Byndyusoft.DotNet.TestInfrastructure", "src\Byndyusoft.DotNet.TestInfrastructure\Byndyusoft.DotNet.TestInfrastructure.csproj", "{C2F942B2-61B7-4126-876A-1D0A86252677}"
EndProject
Global
	GlobalSection(SolutionConfigurationPlatforms) = preSolution
		Debug|Any CPU = Debug|Any CPU
		Release|Any CPU = Release|Any CPU
	EndGlobalSection
	GlobalSection(ProjectConfigurationPlatforms) = postSolution
		{C2F942B2-61B7-4126-876A-1D0A86252677}.Debug|Any CPU.ActiveCfg = Debug|Any CPU
		{C2F942B2-61B7-4126-876A-1D0A86252677}.Debug|Any CPU.Build.0 = Debug|Any CPU
		{C2F942B2-61B7-4126-876A-1D0A86252677}.Release|Any CPU.ActiveCfg = Release|Any CPU
		{C2F942B2-61B7-4126-876A-1D0A86252677}.Release|Any CPU.Build.0 = Release|Any CPU
	EndGlobalSection
	GlobalSection(SolutionProperties) = preSolution
		HideSolutionNode = FALSE
	EndGlobalSection
	GlobalSection(ExtensibilityGlobals) = postSolution
		SolutionGuid = {F584566C-1484-44B5-9446-634BB80C02D9}
	EndGlobalSection
EndGlobal
