
Microsoft Visual Studio Solution File, Format Version 12.00
# Visual Studio Version 17
VisualStudioVersion = 17.0.31912.275
MinimumVisualStudioVersion = 10.0.40219.1
Project("{2150E333-8FDC-42A3-9474-1A3956D46DE8}") = "Solution Items", "Solution Items", "{D56D543D-CA8A-4F0F-A69D-34DF233D3346}"
	ProjectSection(SolutionItems) = preProject
		.editorconfig = .editorconfig
		README.md = README.md
	EndProjectSection
EndProject
Project("{9A19103F-16F7-4668-BE54-9A1E7A4F7556}") = "Byndyusoft.DotNet.Testing.Infrastructure", "src\Byndyusoft.DotNet.Testing.Infrastructure\Byndyusoft.DotNet.Testing.Infrastructure.csproj", "{4BF58468-C533-4DB8-BF3A-9511E5F8052D}"
EndProject
Project("{9A19103F-16F7-4668-BE54-9A1E7A4F7556}") = "Byndyusoft.DotNet.Testing.Infrastructure.Tests", "tests\Byndyusoft.DotNet.Testing.Infrastructure.Tests\Byndyusoft.DotNet.Testing.Infrastructure.Tests.csproj", "{0F2613CD-54EB-4914-8C49-CA8783954319}"
EndProject
Project("{9A19103F-16F7-4668-BE54-9A1E7A4F7556}") = "Byndyusoft.DotNet.Testing.Infrastructure.Examples", "exmaple\Byndyusoft.DotNet.Testing.Infrastructure.Examples\Byndyusoft.DotNet.Testing.Infrastructure.Examples.csproj", "{AEF205F9-CF14-4B30-986C-2E759FBB527F}"
EndProject
Global
	GlobalSection(SolutionConfigurationPlatforms) = preSolution
		Debug|Any CPU = Debug|Any CPU
		Release|Any CPU = Release|Any CPU
	EndGlobalSection
	GlobalSection(ProjectConfigurationPlatforms) = postSolution
		{4BF58468-C533-4DB8-BF3A-9511E5F8052D}.Debug|Any CPU.ActiveCfg = Debug|Any CPU
		{4BF58468-C533-4DB8-BF3A-9511E5F8052D}.Debug|Any CPU.Build.0 = Debug|Any CPU
		{4BF58468-C533-4DB8-BF3A-9511E5F8052D}.Release|Any CPU.ActiveCfg = Release|Any CPU
		{4BF58468-C533-4DB8-BF3A-9511E5F8052D}.Release|Any CPU.Build.0 = Release|Any CPU
		{0F2613CD-54EB-4914-8C49-CA8783954319}.Debug|Any CPU.ActiveCfg = Debug|Any CPU
		{0F2613CD-54EB-4914-8C49-CA8783954319}.Debug|Any CPU.Build.0 = Debug|Any CPU
		{0F2613CD-54EB-4914-8C49-CA8783954319}.Release|Any CPU.ActiveCfg = Release|Any CPU
		{0F2613CD-54EB-4914-8C49-CA8783954319}.Release|Any CPU.Build.0 = Release|Any CPU
		{AEF205F9-CF14-4B30-986C-2E759FBB527F}.Debug|Any CPU.ActiveCfg = Debug|Any CPU
		{AEF205F9-CF14-4B30-986C-2E759FBB527F}.Debug|Any CPU.Build.0 = Debug|Any CPU
		{AEF205F9-CF14-4B30-986C-2E759FBB527F}.Release|Any CPU.ActiveCfg = Release|Any CPU
		{AEF205F9-CF14-4B30-986C-2E759FBB527F}.Release|Any CPU.Build.0 = Release|Any CPU
	EndGlobalSection
	GlobalSection(SolutionProperties) = preSolution
		HideSolutionNode = FALSE
	EndGlobalSection
	GlobalSection(ExtensibilityGlobals) = postSolution
		SolutionGuid = {F584566C-1484-44B5-9446-634BB80C02D9}
	EndGlobalSection
EndGlobal
